
Microsoft Visual Studio Solution File, Format Version 12.00
# Visual Studio Version 16
VisualStudioVersion = 16.0.808.4
MinimumVisualStudioVersion = 10.0.40219.1
Project("{FAE04EC0-301F-11D3-BF4B-00C04F79EFBC}") = "producteur", "producteur.csproj", "{7B811768-8F2C-4272-A067-DE19532D7166}"
EndProject
Global
	GlobalSection(SolutionConfigurationPlatforms) = preSolution
		Debug|Any CPU = Debug|Any CPU
		Release|Any CPU = Release|Any CPU
	EndGlobalSection
	GlobalSection(ProjectConfigurationPlatforms) = postSolution
		{7B811768-8F2C-4272-A067-DE19532D7166}.Debug|Any CPU.ActiveCfg = Debug|Any CPU
		{7B811768-8F2C-4272-A067-DE19532D7166}.Debug|Any CPU.Build.0 = Debug|Any CPU
		{7B811768-8F2C-4272-A067-DE19532D7166}.Release|Any CPU.ActiveCfg = Release|Any CPU
		{7B811768-8F2C-4272-A067-DE19532D7166}.Release|Any CPU.Build.0 = Release|Any CPU
	EndGlobalSection
	GlobalSection(SolutionProperties) = preSolution
		HideSolutionNode = FALSE
	EndGlobalSection
	GlobalSection(ExtensibilityGlobals) = postSolution
		SolutionGuid = {39A2CDE2-E915-4406-9050-02F8C762CE66}
	EndGlobalSection
EndGlobal
